// !$*UTF8*$!
{
	archiveVersion = 1;
	classes = {
	};
	objectVersion = 55;
	objects = {

/* Begin PBXBuildFile section */
		8718A53D27BA0D6A0066BD8A /* AppDelegate.swift in Sources */ = {isa = PBXBuildFile; fileRef = 8718A53C27BA0D6A0066BD8A /* AppDelegate.swift */; };
		8718A53F27BA0D6B0066BD8A /* SceneDelegate.swift in Sources */ = {isa = PBXBuildFile; fileRef = 8718A53E27BA0D6A0066BD8A /* SceneDelegate.swift */; };
		8718A54127BA0D6B0066BD8A /* ViewController.swift in Sources */ = {isa = PBXBuildFile; fileRef = 8718A54027BA0D6B0066BD8A /* ViewController.swift */; };
		8718A54427BA0D6B0066BD8A /* Main.storyboard in Resources */ = {isa = PBXBuildFile; fileRef = 8718A54227BA0D6B0066BD8A /* Main.storyboard */; };
		8718A54627BA0D6C0066BD8A /* Assets.xcassets in Resources */ = {isa = PBXBuildFile; fileRef = 8718A54527BA0D6C0066BD8A /* Assets.xcassets */; };
		8718A54927BA0D6C0066BD8A /* LaunchScreen.storyboard in Resources */ = {isa = PBXBuildFile; fileRef = 8718A54727BA0D6C0066BD8A /* LaunchScreen.storyboard */; };
		8718A55427BA0D6C0066BD8A /* catNameTests.swift in Sources */ = {isa = PBXBuildFile; fileRef = 8718A55327BA0D6C0066BD8A /* catNameTests.swift */; };
		8718A55E27BA0D6C0066BD8A /* catNameUITests.swift in Sources */ = {isa = PBXBuildFile; fileRef = 8718A55D27BA0D6C0066BD8A /* catNameUITests.swift */; };
		8718A56027BA0D6C0066BD8A /* catNameUITestsLaunchTests.swift in Sources */ = {isa = PBXBuildFile; fileRef = 8718A55F27BA0D6C0066BD8A /* catNameUITestsLaunchTests.swift */; };
		8718A57927BA16E30066BD8A /* imageViewController.swift in Sources */ = {isa = PBXBuildFile; fileRef = 8718A57827BA16E30066BD8A /* imageViewController.swift */; };
		8718A59927BAEF730066BD8A /* selkirkrex.jpeg in Resources */ = {isa = PBXBuildFile; fileRef = 8718A59327BAEF730066BD8A /* selkirkrex.jpeg */; };
		8718A59A27BAEF730066BD8A /* iran.jpeg in Resources */ = {isa = PBXBuildFile; fileRef = 8718A59427BAEF730066BD8A /* iran.jpeg */; };
		8718A59B27BAEF730066BD8A /* britishshorthair.jpeg in Resources */ = {isa = PBXBuildFile; fileRef = 8718A59527BAEF730066BD8A /* britishshorthair.jpeg */; };
		8718A59C27BAEF730066BD8A /* mavirus.jpeg in Resources */ = {isa = PBXBuildFile; fileRef = 8718A59627BAEF730066BD8A /* mavirus.jpeg */; };
		8718A59D27BAEF730066BD8A /* ragdoll.jpeg in Resources */ = {isa = PBXBuildFile; fileRef = 8718A59727BAEF730066BD8A /* ragdoll.jpeg */; };
		8718A59E27BAEF730066BD8A /* scotishfold.jpeg in Resources */ = {isa = PBXBuildFile; fileRef = 8718A59827BAEF730066BD8A /* scotishfold.jpeg */; };
/* End PBXBuildFile section */

/* Begin PBXContainerItemProxy section */
		8718A55027BA0D6C0066BD8A /* PBXContainerItemProxy */ = {
			isa = PBXContainerItemProxy;
			containerPortal = 8718A53127BA0D6A0066BD8A /* Project object */;
			proxyType = 1;
			remoteGlobalIDString = 8718A53827BA0D6A0066BD8A;
			remoteInfo = catName;
		};
		8718A55A27BA0D6C0066BD8A /* PBXContainerItemProxy */ = {
			isa = PBXContainerItemProxy;
			containerPortal = 8718A53127BA0D6A0066BD8A /* Project object */;
			proxyType = 1;
			remoteGlobalIDString = 8718A53827BA0D6A0066BD8A;
			remoteInfo = catName;
		};
/* End PBXContainerItemProxy section */

/* Begin PBXFileReference section */
		8718A53927BA0D6A0066BD8A /* catName.app */ = {isa = PBXFileReference; explicitFileType = wrapper.application; includeInIndex = 0; path = catName.app; sourceTree = BUILT_PRODUCTS_DIR; };
		8718A53C27BA0D6A0066BD8A /* AppDelegate.swift */ = {isa = PBXFileReference; lastKnownFileType = sourcecode.swift; path = AppDelegate.swift; sourceTree = "<group>"; };
		8718A53E27BA0D6A0066BD8A /* SceneDelegate.swift */ = {isa = PBXFileReference; lastKnownFileType = sourcecode.swift; path = SceneDelegate.swift; sourceTree = "<group>"; };
		8718A54027BA0D6B0066BD8A /* ViewController.swift */ = {isa = PBXFileReference; lastKnownFileType = sourcecode.swift; path = ViewController.swift; sourceTree = "<group>"; };
		8718A54327BA0D6B0066BD8A /* Base */ = {isa = PBXFileReference; lastKnownFileType = file.storyboard; name = Base; path = Base.lproj/Main.storyboard; sourceTree = "<group>"; };
		8718A54527BA0D6C0066BD8A /* Assets.xcassets */ = {isa = PBXFileReference; lastKnownFileType = folder.assetcatalog; path = Assets.xcassets; sourceTree = "<group>"; };
		8718A54827BA0D6C0066BD8A /* Base */ = {isa = PBXFileReference; lastKnownFileType = file.storyboard; name = Base; path = Base.lproj/LaunchScreen.storyboard; sourceTree = "<group>"; };
		8718A54A27BA0D6C0066BD8A /* Info.plist */ = {isa = PBXFileReference; lastKnownFileType = text.plist.xml; path = Info.plist; sourceTree = "<group>"; };
		8718A54F27BA0D6C0066BD8A /* catNameTests.xctest */ = {isa = PBXFileReference; explicitFileType = wrapper.cfbundle; includeInIndex = 0; path = catNameTests.xctest; sourceTree = BUILT_PRODUCTS_DIR; };
		8718A55327BA0D6C0066BD8A /* catNameTests.swift */ = {isa = PBXFileReference; lastKnownFileType = sourcecode.swift; path = catNameTests.swift; sourceTree = "<group>"; };
		8718A55927BA0D6C0066BD8A /* catNameUITests.xctest */ = {isa = PBXFileReference; explicitFileType = wrapper.cfbundle; includeInIndex = 0; path = catNameUITests.xctest; sourceTree = BUILT_PRODUCTS_DIR; };
		8718A55D27BA0D6C0066BD8A /* catNameUITests.swift */ = {isa = PBXFileReference; lastKnownFileType = sourcecode.swift; path = catNameUITests.swift; sourceTree = "<group>"; };
		8718A55F27BA0D6C0066BD8A /* catNameUITestsLaunchTests.swift */ = {isa = PBXFileReference; lastKnownFileType = sourcecode.swift; path = catNameUITestsLaunchTests.swift; sourceTree = "<group>"; };
		8718A57827BA16E30066BD8A /* imageViewController.swift */ = {isa = PBXFileReference; lastKnownFileType = sourcecode.swift; path = imageViewController.swift; sourceTree = "<group>"; };
		8718A59327BAEF730066BD8A /* selkirkrex.jpeg */ = {isa = PBXFileReference; lastKnownFileType = image.jpeg; path = selkirkrex.jpeg; sourceTree = SOURCE_ROOT; };
		8718A59427BAEF730066BD8A /* iran.jpeg */ = {isa = PBXFileReference; lastKnownFileType = image.jpeg; path = iran.jpeg; sourceTree = SOURCE_ROOT; };
		8718A59527BAEF730066BD8A /* britishshorthair.jpeg */ = {isa = PBXFileReference; lastKnownFileType = image.jpeg; path = britishshorthair.jpeg; sourceTree = SOURCE_ROOT; };
		8718A59627BAEF730066BD8A /* mavirus.jpeg */ = {isa = PBXFileReference; lastKnownFileType = image.jpeg; path = mavirus.jpeg; sourceTree = SOURCE_ROOT; };
		8718A59727BAEF730066BD8A /* ragdoll.jpeg */ = {isa = PBXFileReference; lastKnownFileType = image.jpeg; path = ragdoll.jpeg; sourceTree = SOURCE_ROOT; };
		8718A59827BAEF730066BD8A /* scotishfold.jpeg */ = {isa = PBXFileReference; lastKnownFileType = image.jpeg; path = scotishfold.jpeg; sourceTree = SOURCE_ROOT; };
/* End PBXFileReference section */

/* Begin PBXFrameworksBuildPhase section */
		8718A53627BA0D6A0066BD8A /* Frameworks */ = {
			isa = PBXFrameworksBuildPhase;
			buildActionMask = 2147483647;
			files = (
			);
			runOnlyForDeploymentPostprocessing = 0;
		};
		8718A54C27BA0D6C0066BD8A /* Frameworks */ = {
			isa = PBXFrameworksBuildPhase;
			buildActionMask = 2147483647;
			files = (
			);
			runOnlyForDeploymentPostprocessing = 0;
		};
		8718A55627BA0D6C0066BD8A /* Frameworks */ = {
			isa = PBXFrameworksBuildPhase;
			buildActionMask = 2147483647;
			files = (
			);
			runOnlyForDeploymentPostprocessing = 0;
		};
/* End PBXFrameworksBuildPhase section */

/* Begin PBXGroup section */
		8718A53027BA0D6A0066BD8A = {
			isa = PBXGroup;
			children = (
				8718A53B27BA0D6A0066BD8A /* catName */,
				8718A55227BA0D6C0066BD8A /* catNameTests */,
				8718A55C27BA0D6C0066BD8A /* catNameUITests */,
				8718A53A27BA0D6A0066BD8A /* Products */,
			);
			sourceTree = "<group>";
		};
		8718A53A27BA0D6A0066BD8A /* Products */ = {
			isa = PBXGroup;
			children = (
				8718A53927BA0D6A0066BD8A /* catName.app */,
				8718A54F27BA0D6C0066BD8A /* catNameTests.xctest */,
				8718A55927BA0D6C0066BD8A /* catNameUITests.xctest */,
			);
			name = Products;
			sourceTree = "<group>";
		};
		8718A53B27BA0D6A0066BD8A /* catName */ = {
			isa = PBXGroup;
			children = (
				8718A53C27BA0D6A0066BD8A /* AppDelegate.swift */,
				8718A53E27BA0D6A0066BD8A /* SceneDelegate.swift */,
				8718A54027BA0D6B0066BD8A /* ViewController.swift */,
				8718A57827BA16E30066BD8A /* imageViewController.swift */,
				8718A54227BA0D6B0066BD8A /* Main.storyboard */,
				8718A54527BA0D6C0066BD8A /* Assets.xcassets */,
				8718A59527BAEF730066BD8A /* britishshorthair.jpeg */,
				8718A59427BAEF730066BD8A /* iran.jpeg */,
				8718A59627BAEF730066BD8A /* mavirus.jpeg */,
				8718A59727BAEF730066BD8A /* ragdoll.jpeg */,
				8718A59827BAEF730066BD8A /* scotishfold.jpeg */,
				8718A59327BAEF730066BD8A /* selkirkrex.jpeg */,
				8718A54727BA0D6C0066BD8A /* LaunchScreen.storyboard */,
				8718A54A27BA0D6C0066BD8A /* Info.plist */,
			);
			path = catName;
			sourceTree = "<group>";
		};
		8718A55227BA0D6C0066BD8A /* catNameTests */ = {
			isa = PBXGroup;
			children = (
				8718A55327BA0D6C0066BD8A /* catNameTests.swift */,
			);
			path = catNameTests;
			sourceTree = "<group>";
		};
		8718A55C27BA0D6C0066BD8A /* catNameUITests */ = {
			isa = PBXGroup;
			children = (
				8718A55D27BA0D6C0066BD8A /* catNameUITests.swift */,
				8718A55F27BA0D6C0066BD8A /* catNameUITestsLaunchTests.swift */,
			);
			path = catNameUITests;
			sourceTree = "<group>";
		};
/* End PBXGroup section */

/* Begin PBXNativeTarget section */
		8718A53827BA0D6A0066BD8A /* catName */ = {
			isa = PBXNativeTarget;
			buildConfigurationList = 8718A56327BA0D6C0066BD8A /* Build configuration list for PBXNativeTarget "catName" */;
			buildPhases = (
				8718A53527BA0D6A0066BD8A /* Sources */,
				8718A53627BA0D6A0066BD8A /* Frameworks */,
				8718A53727BA0D6A0066BD8A /* Resources */,
			);
			buildRules = (
			);
			dependencies = (
			);
			name = catName;
			productName = catName;
			productReference = 8718A53927BA0D6A0066BD8A /* catName.app */;
			productType = "com.apple.product-type.application";
		};
		8718A54E27BA0D6C0066BD8A /* catNameTests */ = {
			isa = PBXNativeTarget;
			buildConfigurationList = 8718A56627BA0D6C0066BD8A /* Build configuration list for PBXNativeTarget "catNameTests" */;
			buildPhases = (
				8718A54B27BA0D6C0066BD8A /* Sources */,
				8718A54C27BA0D6C0066BD8A /* Frameworks */,
				8718A54D27BA0D6C0066BD8A /* Resources */,
			);
			buildRules = (
			);
			dependencies = (
				8718A55127BA0D6C0066BD8A /* PBXTargetDependency */,
			);
			name = catNameTests;
			productName = catNameTests;
			productReference = 8718A54F27BA0D6C0066BD8A /* catNameTests.xctest */;
			productType = "com.apple.product-type.bundle.unit-test";
		};
		8718A55827BA0D6C0066BD8A /* catNameUITests */ = {
			isa = PBXNativeTarget;
			buildConfigurationList = 8718A56927BA0D6C0066BD8A /* Build configuration list for PBXNativeTarget "catNameUITests" */;
			buildPhases = (
				8718A55527BA0D6C0066BD8A /* Sources */,
				8718A55627BA0D6C0066BD8A /* Frameworks */,
				8718A55727BA0D6C0066BD8A /* Resources */,
			);
			buildRules = (
			);
			dependencies = (
				8718A55B27BA0D6C0066BD8A /* PBXTargetDependency */,
			);
			name = catNameUITests;
			productName = catNameUITests;
			productReference = 8718A55927BA0D6C0066BD8A /* catNameUITests.xctest */;
			productType = "com.apple.product-type.bundle.ui-testing";
		};
/* End PBXNativeTarget section */

/* Begin PBXProject section */
		8718A53127BA0D6A0066BD8A /* Project object */ = {
			isa = PBXProject;
			attributes = {
				BuildIndependentTargetsInParallel = 1;
				LastSwiftUpdateCheck = 1320;
				LastUpgradeCheck = 1320;
				TargetAttributes = {
					8718A53827BA0D6A0066BD8A = {
						CreatedOnToolsVersion = 13.2.1;
					};
					8718A54E27BA0D6C0066BD8A = {
						CreatedOnToolsVersion = 13.2.1;
						TestTargetID = 8718A53827BA0D6A0066BD8A;
					};
					8718A55827BA0D6C0066BD8A = {
						CreatedOnToolsVersion = 13.2.1;
						TestTargetID = 8718A53827BA0D6A0066BD8A;
					};
				};
			};
			buildConfigurationList = 8718A53427BA0D6A0066BD8A /* Build configuration list for PBXProject "catName" */;
			compatibilityVersion = "Xcode 13.0";
			developmentRegion = en;
			hasScannedForEncodings = 0;
			knownRegions = (
				en,
				Base,
			);
			mainGroup = 8718A53027BA0D6A0066BD8A;
			productRefGroup = 8718A53A27BA0D6A0066BD8A /* Products */;
			projectDirPath = "";
			projectRoot = "";
			targets = (
				8718A53827BA0D6A0066BD8A /* catName */,
				8718A54E27BA0D6C0066BD8A /* catNameTests */,
				8718A55827BA0D6C0066BD8A /* catNameUITests */,
			);
		};
/* End PBXProject section */

/* Begin PBXResourcesBuildPhase section */
		8718A53727BA0D6A0066BD8A /* Resources */ = {
			isa = PBXResourcesBuildPhase;
			buildActionMask = 2147483647;
			files = (
				8718A59A27BAEF730066BD8A /* iran.jpeg in Resources */,
				8718A54927BA0D6C0066BD8A /* LaunchScreen.storyboard in Resources */,
				8718A59C27BAEF730066BD8A /* mavirus.jpeg in Resources */,
				8718A59B27BAEF730066BD8A /* britishshorthair.jpeg in Resources */,
				8718A54627BA0D6C0066BD8A /* Assets.xcassets in Resources */,
				8718A59E27BAEF730066BD8A /* scotishfold.jpeg in Resources */,
				8718A59D27BAEF730066BD8A /* ragdoll.jpeg in Resources */,
				8718A54427BA0D6B0066BD8A /* Main.storyboard in Resources */,
				8718A59927BAEF730066BD8A /* selkirkrex.jpeg in Resources */,
			);
			runOnlyForDeploymentPostprocessing = 0;
		};
		8718A54D27BA0D6C0066BD8A /* Resources */ = {
			isa = PBXResourcesBuildPhase;
			buildActionMask = 2147483647;
			files = (
			);
			runOnlyForDeploymentPostprocessing = 0;
		};
		8718A55727BA0D6C0066BD8A /* Resources */ = {
			isa = PBXResourcesBuildPhase;
			buildActionMask = 2147483647;
			files = (
			);
			runOnlyForDeploymentPostprocessing = 0;
		};
/* End PBXResourcesBuildPhase section */

/* Begin PBXSourcesBuildPhase section */
		8718A53527BA0D6A0066BD8A /* Sources */ = {
			isa = PBXSourcesBuildPhase;
			buildActionMask = 2147483647;
			files = (
				8718A54127BA0D6B0066BD8A /* ViewController.swift in Sources */,
				8718A53D27BA0D6A0066BD8A /* AppDelegate.swift in Sources */,
				8718A57927BA16E30066BD8A /* imageViewController.swift in Sources */,
				8718A53F27BA0D6B0066BD8A /* SceneDelegate.swift in Sources */,
			);
			runOnlyForDeploymentPostprocessing = 0;
		};
		8718A54B27BA0D6C0066BD8A /* Sources */ = {
			isa = PBXSourcesBuildPhase;
			buildActionMask = 2147483647;
			files = (
				8718A55427BA0D6C0066BD8A /* catNameTests.swift in Sources */,
			);
			runOnlyForDeploymentPostprocessing = 0;
		};
		8718A55527BA0D6C0066BD8A /* Sources */ = {
			isa = PBXSourcesBuildPhase;
			buildActionMask = 2147483647;
			files = (
				8718A56027BA0D6C0066BD8A /* catNameUITestsLaunchTests.swift in Sources */,
				8718A55E27BA0D6C0066BD8A /* catNameUITests.swift in Sources */,
			);
			runOnlyForDeploymentPostprocessing = 0;
		};
/* End PBXSourcesBuildPhase section */

/* Begin PBXTargetDependency section */
		8718A55127BA0D6C0066BD8A /* PBXTargetDependency */ = {
			isa = PBXTargetDependency;
			target = 8718A53827BA0D6A0066BD8A /* catName */;
			targetProxy = 8718A55027BA0D6C0066BD8A /* PBXContainerItemProxy */;
		};
		8718A55B27BA0D6C0066BD8A /* PBXTargetDependency */ = {
			isa = PBXTargetDependency;
			target = 8718A53827BA0D6A0066BD8A /* catName */;
			targetProxy = 8718A55A27BA0D6C0066BD8A /* PBXContainerItemProxy */;
		};
/* End PBXTargetDependency section */

/* Begin PBXVariantGroup section */
		8718A54227BA0D6B0066BD8A /* Main.storyboard */ = {
			isa = PBXVariantGroup;
			children = (
				8718A54327BA0D6B0066BD8A /* Base */,
			);
			name = Main.storyboard;
			sourceTree = "<group>";
		};
		8718A54727BA0D6C0066BD8A /* LaunchScreen.storyboard */ = {
			isa = PBXVariantGroup;
			children = (
				8718A54827BA0D6C0066BD8A /* Base */,
			);
			name = LaunchScreen.storyboard;
			sourceTree = "<group>";
		};
/* End PBXVariantGroup section */

/* Begin XCBuildConfiguration section */
		8718A56127BA0D6C0066BD8A /* Debug */ = {
			isa = XCBuildConfiguration;
			buildSettings = {
				ALWAYS_SEARCH_USER_PATHS = NO;
				CLANG_ANALYZER_NONNULL = YES;
				CLANG_ANALYZER_NUMBER_OBJECT_CONVERSION = YES_AGGRESSIVE;
				CLANG_CXX_LANGUAGE_STANDARD = "gnu++17";
				CLANG_CXX_LIBRARY = "libc++";
				CLANG_ENABLE_MODULES = YES;
				CLANG_ENABLE_OBJC_ARC = YES;
				CLANG_ENABLE_OBJC_WEAK = YES;
				CLANG_WARN_BLOCK_CAPTURE_AUTORELEASING = YES;
				CLANG_WARN_BOOL_CONVERSION = YES;
				CLANG_WARN_COMMA = YES;
				CLANG_WARN_CONSTANT_CONVERSION = YES;
				CLANG_WARN_DEPRECATED_OBJC_IMPLEMENTATIONS = YES;
				CLANG_WARN_DIRECT_OBJC_ISA_USAGE = YES_ERROR;
				CLANG_WARN_DOCUMENTATION_COMMENTS = YES;
				CLANG_WARN_EMPTY_BODY = YES;
				CLANG_WARN_ENUM_CONVERSION = YES;
				CLANG_WARN_INFINITE_RECURSION = YES;
				CLANG_WARN_INT_CONVERSION = YES;
				CLANG_WARN_NON_LITERAL_NULL_CONVERSION = YES;
				CLANG_WARN_OBJC_IMPLICIT_RETAIN_SELF = YES;
				CLANG_WARN_OBJC_LITERAL_CONVERSION = YES;
				CLANG_WARN_OBJC_ROOT_CLASS = YES_ERROR;
				CLANG_WARN_QUOTED_INCLUDE_IN_FRAMEWORK_HEADER = YES;
				CLANG_WARN_RANGE_LOOP_ANALYSIS = YES;
				CLANG_WARN_STRICT_PROTOTYPES = YES;
				CLANG_WARN_SUSPICIOUS_MOVE = YES;
				CLANG_WARN_UNGUARDED_AVAILABILITY = YES_AGGRESSIVE;
				CLANG_WARN_UNREACHABLE_CODE = YES;
				CLANG_WARN__DUPLICATE_METHOD_MATCH = YES;
				COPY_PHASE_STRIP = NO;
				DEBUG_INFORMATION_FORMAT = dwarf;
				ENABLE_STRICT_OBJC_MSGSEND = YES;
				ENABLE_TESTABILITY = YES;
				GCC_C_LANGUAGE_STANDARD = gnu11;
				GCC_DYNAMIC_NO_PIC = NO;
				GCC_NO_COMMON_BLOCKS = YES;
				GCC_OPTIMIZATION_LEVEL = 0;
				GCC_PREPROCESSOR_DEFINITIONS = (
					"DEBUG=1",
					"$(inherited)",
				);
				GCC_WARN_64_TO_32_BIT_CONVERSION = YES;
				GCC_WARN_ABOUT_RETURN_TYPE = YES_ERROR;
				GCC_WARN_UNDECLARED_SELECTOR = YES;
				GCC_WARN_UNINITIALIZED_AUTOS = YES_AGGRESSIVE;
				GCC_WARN_UNUSED_FUNCTION = YES;
				GCC_WARN_UNUSED_VARIABLE = YES;
				IPHONEOS_DEPLOYMENT_TARGET = 15.2;
				MTL_ENABLE_DEBUG_INFO = INCLUDE_SOURCE;
				MTL_FAST_MATH = YES;
				ONLY_ACTIVE_ARCH = YES;
				SDKROOT = iphoneos;
				SWIFT_ACTIVE_COMPILATION_CONDITIONS = DEBUG;
				SWIFT_OPTIMIZATION_LEVEL = "-Onone";
			};
			name = Debug;
		};
		8718A56227BA0D6C0066BD8A /* Release */ = {
			isa = XCBuildConfiguration;
			buildSettings = {
				ALWAYS_SEARCH_USER_PATHS = NO;
				CLANG_ANALYZER_NONNULL = YES;
				CLANG_ANALYZER_NUMBER_OBJECT_CONVERSION = YES_AGGRESSIVE;
				CLANG_CXX_LANGUAGE_STANDARD = "gnu++17";
				CLANG_CXX_LIBRARY = "libc++";
				CLANG_ENABLE_MODULES = YES;
				CLANG_ENABLE_OBJC_ARC = YES;
				CLANG_ENABLE_OBJC_WEAK = YES;
				CLANG_WARN_BLOCK_CAPTURE_AUTORELEASING = YES;
				CLANG_WARN_BOOL_CONVERSION = YES;
				CLANG_WARN_COMMA = YES;
				CLANG_WARN_CONSTANT_CONVERSION = YES;
				CLANG_WARN_DEPRECATED_OBJC_IMPLEMENTATIONS = YES;
				CLANG_WARN_DIRECT_OBJC_ISA_USAGE = YES_ERROR;
				CLANG_WARN_DOCUMENTATION_COMMENTS = YES;
				CLANG_WARN_EMPTY_BODY = YES;
				CLANG_WARN_ENUM_CONVERSION = YES;
				CLANG_WARN_INFINITE_RECURSION = YES;
				CLANG_WARN_INT_CONVERSION = YES;
				CLANG_WARN_NON_LITERAL_NULL_CONVERSION = YES;
				CLANG_WARN_OBJC_IMPLICIT_RETAIN_SELF = YES;
				CLANG_WARN_OBJC_LITERAL_CONVERSION = YES;
				CLANG_WARN_OBJC_ROOT_CLASS = YES_ERROR;
				CLANG_WARN_QUOTED_INCLUDE_IN_FRAMEWORK_HEADER = YES;
				CLANG_WARN_RANGE_LOOP_ANALYSIS = YES;
				CLANG_WARN_STRICT_PROTOTYPES = YES;
				CLANG_WARN_SUSPICIOUS_MOVE = YES;
				CLANG_WARN_UNGUARDED_AVAILABILITY = YES_AGGRESSIVE;
				CLANG_WARN_UNREACHABLE_CODE = YES;
				CLANG_WARN__DUPLICATE_METHOD_MATCH = YES;
				COPY_PHASE_STRIP = NO;
				DEBUG_INFORMATION_FORMAT = "dwarf-with-dsym";
				ENABLE_NS_ASSERTIONS = NO;
				ENABLE_STRICT_OBJC_MSGSEND = YES;
				GCC_C_LANGUAGE_STANDARD = gnu11;
				GCC_NO_COMMON_BLOCKS = YES;
				GCC_WARN_64_TO_32_BIT_CONVERSION = YES;
				GCC_WARN_ABOUT_RETURN_TYPE = YES_ERROR;
				GCC_WARN_UNDECLARED_SELECTOR = YES;
				GCC_WARN_UNINITIALIZED_AUTOS = YES_AGGRESSIVE;
				GCC_WARN_UNUSED_FUNCTION = YES;
				GCC_WARN_UNUSED_VARIABLE = YES;
				IPHONEOS_DEPLOYMENT_TARGET = 15.2;
				MTL_ENABLE_DEBUG_INFO = NO;
				MTL_FAST_MATH = YES;
				SDKROOT = iphoneos;
				SWIFT_COMPILATION_MODE = wholemodule;
				SWIFT_OPTIMIZATION_LEVEL = "-O";
				VALIDATE_PRODUCT = YES;
			};
			name = Release;
		};
		8718A56427BA0D6C0066BD8A /* Debug */ = {
			isa = XCBuildConfiguration;
			buildSettings = {
				ASSETCATALOG_COMPILER_APPICON_NAME = AppIcon;
				ASSETCATALOG_COMPILER_GLOBAL_ACCENT_COLOR_NAME = AccentColor;
				CODE_SIGN_STYLE = Automatic;
				CURRENT_PROJECT_VERSION = 1;
				DEVELOPMENT_TEAM = F76RBF7M5V;
				GENERATE_INFOPLIST_FILE = YES;
				INFOPLIST_FILE = catName/Info.plist;
				INFOPLIST_KEY_UIApplicationSupportsIndirectInputEvents = YES;
				INFOPLIST_KEY_UILaunchStoryboardName = LaunchScreen;
				INFOPLIST_KEY_UIMainStoryboardFile = Main;
				INFOPLIST_KEY_UISupportedInterfaceOrientations_iPad = "UIInterfaceOrientationPortrait UIInterfaceOrientationPortraitUpsideDown UIInterfaceOrientationLandscapeLeft UIInterfaceOrientationLandscapeRight";
				INFOPLIST_KEY_UISupportedInterfaceOrientations_iPhone = "UIInterfaceOrientationPortrait UIInterfaceOrientationLandscapeLeft UIInterfaceOrientationLandscapeRight";
				LD_RUNPATH_SEARCH_PATHS = (
					"$(inherited)",
					"@executable_path/Frameworks",
				);
				MARKETING_VERSION = 1.0;
				PRODUCT_BUNDLE_IDENTIFIER = com.umutcorut.catName;
				PRODUCT_NAME = "$(TARGET_NAME)";
				SWIFT_EMIT_LOC_STRINGS = YES;
				SWIFT_VERSION = 5.0;
				TARGETED_DEVICE_FAMILY = "1,2";
			};
			name = Debug;
		};
		8718A56527BA0D6C0066BD8A /* Release */ = {
			isa = XCBuildConfiguration;
			buildSettings = {
				ASSETCATALOG_COMPILER_APPICON_NAME = AppIcon;
				ASSETCATALOG_COMPILER_GLOBAL_ACCENT_COLOR_NAME = AccentColor;
				CODE_SIGN_STYLE = Automatic;
				CURRENT_PROJECT_VERSION = 1;
				DEVELOPMENT_TEAM = F76RBF7M5V;
				GENERATE_INFOPLIST_FILE = YES;
				INFOPLIST_FILE = catName/Info.plist;
				INFOPLIST_KEY_UIApplicationSupportsIndirectInputEvents = YES;
				INFOPLIST_KEY_UILaunchStoryboardName = LaunchScreen;
				INFOPLIST_KEY_UIMainStoryboardFile = Main;
				INFOPLIST_KEY_UISupportedInterfaceOrientations_iPad = "UIInterfaceOrientationPortrait UIInterfaceOrientationPortraitUpsideDown UIInterfaceOrientationLandscapeLeft UIInterfaceOrientationLandscapeRight";
				INFOPLIST_KEY_UISupportedInterfaceOrientations_iPhone = "UIInterfaceOrientationPortrait UIInterfaceOrientationLandscapeLeft UIInterfaceOrientationLandscapeRight";
				LD_RUNPATH_SEARCH_PATHS = (
					"$(inherited)",
					"@executable_path/Frameworks",
				);
				MARKETING_VERSION = 1.0;
				PRODUCT_BUNDLE_IDENTIFIER = com.umutcorut.catName;
				PRODUCT_NAME = "$(TARGET_NAME)";
				SWIFT_EMIT_LOC_STRINGS = YES;
				SWIFT_VERSION = 5.0;
				TARGETED_DEVICE_FAMILY = "1,2";
			};
			name = Release;
		};
		8718A56727BA0D6C0066BD8A /* Debug */ = {
			isa = XCBuildConfiguration;
			buildSettings = {
				ALWAYS_EMBED_SWIFT_STANDARD_LIBRARIES = YES;
				BUNDLE_LOADER = "$(TEST_HOST)";
				CODE_SIGN_STYLE = Automatic;
				CURRENT_PROJECT_VERSION = 1;
				DEVELOPMENT_TEAM = F76RBF7M5V;
				GENERATE_INFOPLIST_FILE = YES;
				IPHONEOS_DEPLOYMENT_TARGET = 15.2;
				MARKETING_VERSION = 1.0;
				PRODUCT_BUNDLE_IDENTIFIER = com.umutcorut.catNameTests;
				PRODUCT_NAME = "$(TARGET_NAME)";
				SWIFT_EMIT_LOC_STRINGS = NO;
				SWIFT_VERSION = 5.0;
				TARGETED_DEVICE_FAMILY = "1,2";
				TEST_HOST = "$(BUILT_PRODUCTS_DIR)/catName.app/catName";
			};
			name = Debug;
		};
		8718A56827BA0D6C0066BD8A /* Release */ = {
			isa = XCBuildConfiguration;
			buildSettings = {
				ALWAYS_EMBED_SWIFT_STANDARD_LIBRARIES = YES;
				BUNDLE_LOADER = "$(TEST_HOST)";
				CODE_SIGN_STYLE = Automatic;
				CURRENT_PROJECT_VERSION = 1;
				DEVELOPMENT_TEAM = F76RBF7M5V;
				GENERATE_INFOPLIST_FILE = YES;
				IPHONEOS_DEPLOYMENT_TARGET = 15.2;
				MARKETING_VERSION = 1.0;
				PRODUCT_BUNDLE_IDENTIFIER = com.umutcorut.catNameTests;
				PRODUCT_NAME = "$(TARGET_NAME)";
				SWIFT_EMIT_LOC_STRINGS = NO;
				SWIFT_VERSION = 5.0;
				TARGETED_DEVICE_FAMILY = "1,2";
				TEST_HOST = "$(BUILT_PRODUCTS_DIR)/catName.app/catName";
			};
			name = Release;
		};
		8718A56A27BA0D6C0066BD8A /* Debug */ = {
			isa = XCBuildConfiguration;
			buildSettings = {
				ALWAYS_EMBED_SWIFT_STANDARD_LIBRARIES = YES;
				CODE_SIGN_STYLE = Automatic;
				CURRENT_PROJECT_VERSION = 1;
				DEVELOPMENT_TEAM = F76RBF7M5V;
				GENERATE_INFOPLIST_FILE = YES;
				MARKETING_VERSION = 1.0;
				PRODUCT_BUNDLE_IDENTIFIER = com.umutcorut.catNameUITests;
				PRODUCT_NAME = "$(TARGET_NAME)";
				SWIFT_EMIT_LOC_STRINGS = NO;
				SWIFT_VERSION = 5.0;
				TARGETED_DEVICE_FAMILY = "1,2";
				TEST_TARGET_NAME = catName;
			};
			name = Debug;
		};
		8718A56B27BA0D6C0066BD8A /* Release */ = {
			isa = XCBuildConfiguration;
			buildSettings = {
				ALWAYS_EMBED_SWIFT_STANDARD_LIBRARIES = YES;
				CODE_SIGN_STYLE = Automatic;
				CURRENT_PROJECT_VERSION = 1;
				DEVELOPMENT_TEAM = F76RBF7M5V;
				GENERATE_INFOPLIST_FILE = YES;
				MARKETING_VERSION = 1.0;
				PRODUCT_BUNDLE_IDENTIFIER = com.umutcorut.catNameUITests;
				PRODUCT_NAME = "$(TARGET_NAME)";
				SWIFT_EMIT_LOC_STRINGS = NO;
				SWIFT_VERSION = 5.0;
				TARGETED_DEVICE_FAMILY = "1,2";
				TEST_TARGET_NAME = catName;
			};
			name = Release;
		};
/* End XCBuildConfiguration section */

/* Begin XCConfigurationList section */
		8718A53427BA0D6A0066BD8A /* Build configuration list for PBXProject "catName" */ = {
			isa = XCConfigurationList;
			buildConfigurations = (
				8718A56127BA0D6C0066BD8A /* Debug */,
				8718A56227BA0D6C0066BD8A /* Release */,
			);
			defaultConfigurationIsVisible = 0;
			defaultConfigurationName = Release;
		};
		8718A56327BA0D6C0066BD8A /* Build configuration list for PBXNativeTarget "catName" */ = {
			isa = XCConfigurationList;
			buildConfigurations = (
				8718A56427BA0D6C0066BD8A /* Debug */,
				8718A56527BA0D6C0066BD8A /* Release */,
			);
			defaultConfigurationIsVisible = 0;
			defaultConfigurationName = Release;
		};
		8718A56627BA0D6C0066BD8A /* Build configuration list for PBXNativeTarget "catNameTests" */ = {
			isa = XCConfigurationList;
			buildConfigurations = (
				8718A56727BA0D6C0066BD8A /* Debug */,
				8718A56827BA0D6C0066BD8A /* Release */,
			);
			defaultConfigurationIsVisible = 0;
			defaultConfigurationName = Release;
		};
		8718A56927BA0D6C0066BD8A /* Build configuration list for PBXNativeTarget "catNameUITests" */ = {
			isa = XCConfigurationList;
			buildConfigurations = (
				8718A56A27BA0D6C0066BD8A /* Debug */,
				8718A56B27BA0D6C0066BD8A /* Release */,
			);
			defaultConfigurationIsVisible = 0;
			defaultConfigurationName = Release;
		};
/* End XCConfigurationList section */
	};
	rootObject = 8718A53127BA0D6A0066BD8A /* Project object */;
}
